github.com/cristalhq/acmd v0.11.1 h1:DJ4fh2Pv0nPKmqT646IU/0Vh5FNdGblxvF+3/W3NAUI=
github.com/cristalhq/acmd v0.11.1/go.mod h1:LG5oa43pE/BbxtfMoImHCQN++0Su7dzipdgBjMCBVDQ=
github.com/go-critic/go-critic v0.9.0 h1:Pmys9qvU3pSML/3GEQ2Xd9RZ/ip+aXHKILuxczKGV/U=
github.com/go-critic/go-critic v0.9.0/go.mod h1:5P8tdXL7m/6qnyG6oRAlYLORvoXH0WDypYgAEmagT40=
github.com/go-toolsmith/astcast v1.1.0 h1:+JN9xZV1A+Re+95pgnMgDboWNVnIMMQXwfBwLRPgSC8=
github.com/go-toolsmith/astcast v1.1.0/go.mod h1:qdcuFWeGGS2xX5bLM/c3U9lewg7+Zu4mr+xPwZIB4ZU=
github.com/go-toolsmith/astcopy v1.1.0 h1:YGwBN0WM+ekI/6SS6+52zLDEf8Yvp3n2seZITCUBt5s=
github.com/go-toolsmith/astcopy v1.1.0/go.mod h1:hXM6gan18VA1T/daUEHCFcYiW8Ai1tIwIzHY6srfEAw=
github.com/go-toolsmith/astequal v1.0.3/go.mod h1:9Ai4UglvtR+4up+bAD4+hCj7iTo4m/OXVTSLnCyTAx4=
github.com/go-toolsmith/astequal v1.1.0 h1:kHKm1AWqClYn15R0K1KKE4RG614D46n+nqUQ06E1dTw=
github.com/go-toolsmith/astequal v1.1.0/go.mod h1:sedf7VIdCL22LD8qIvv7Nn9MuWJruQA/ysswh64lffQ=
github.com/go-toolsmith/astfmt v1.1.0 h1:iJVPDPp6/7AaeLJEruMsBUlOYCmvg0MoCfJprsOmcco=
github.com/go-toolsmith/astfmt v1.1.0/go.mod h1:OrcLlRwu0CuiIBp/8b5PYF9ktGVZUjlNMV634mhwuQ4=
github.com/go-toolsmith/astp v1.1.0 h1:dXPuCl6u2llURjdPLLDxJeZInAeZ0/eZwFJmqZMnpQA=
github.com/go-toolsmith/astp v1.1.0/go.mod h1:0T1xFGz9hicKs8Z5MfAqSUitoUYS30pDMsRVIDHs8CA=
github.com/go-toolsmith/pkgload v1.2.2 h1:0CtmHq/02QhxcF7E9N5LIFcYFsMR5rdovfqTtRKkgIk=
github.com/go-toolsmith/pkgload v1.2.2/go.mod h1:R2hxLNRKuAsiXCo2i5J6ZQPhnPMOVtU+f0arbFPWCus=
github.com/go-toolsmith/strparse v1.0.0/go.mod h1:YI2nUKP9YGZnL/L1/DLFBfixrcjslWct4wyljWhSRy8=
github.com/go-toolsmith/strparse v1.1.0 h1:GAioeZUK9TGxnLS+qfdqNbA4z0SSm5zVNtCQiyP2Bvw=
github.com/go-toolsmith/strparse v1.1.0/go.mod h1:7ksGy58fsaQkGQlY8WVoBFNyEPMGuJin1rfoPS4lBSQ=
github.com/go-toolsmith/typep v1.1.0 h1:fIRYDyF+JywLfqzyhdiHzRop/GQDxxNhLGQ6gFUNHus=
github.com/go-toolsmith/typep v1.1.0/go.mod h1:fVIw+7zjdsMxDA3ITWnH1yOiw1rnTQKCsF/sk2H/qig=
github.com/google/go-cmp v0.5.8/go.mod h1:17dUlkBOakJ0+DkrSSNjCkIjxS6bF9zb3elmeNGIjoY=
github.com/quasilyte/go-ruleguard v0.4.0 h1:DyM6r+TKL+xbKB4Nm7Afd1IQh9kEUKQs2pboWGKtvQo=
github.com/quasilyte/go-ruleguard v0.4.0/go.mod h1:Eu76Z/R8IXtViWUIHkE3p8gdH3/PKk1eh3YGfaEof10=
github.com/quasilyte/gogrep v0.5.0 h1:eTKODPXbI8ffJMN+W2aE0+oL0z/nh8/5eNdiO34SOAo=
github.com/quasilyte/gogrep v0.5.0/go.mod h1:Cm9lpz9NZjEoL1tgZ2OgeUKPIxL1meE7eo60Z6Sk+Ng=
github.com/quasilyte/regex/syntax v0.0.0-20210819130434-b3f0c404a727 h1:TCg2WBOl980XxGFEZSS6KlBGIV0diGdySzxATTWoqaU=
github.com/quasilyte/regex/syntax v0.0.0-20210819130434-b3f0c404a727/go.mod h1:rlzQ04UMyJXu/aOvhd8qT+hvDrFpiwqp8MRXDY9szc0=
github.com/quasilyte/stdinfo v0.0.0-20220114132959-f7386bf02567 h1:M8mH9eK4OUR4lu7Gd+PU1fV2/qnDNfzT635KRSObncs=
github.com/quasilyte/stdinfo v0.0.0-20220114132959-f7386bf02567/go.mod h1:DWNGW8A4Y+GyBgPuaQJuWiy0XYftx4Xm/y5Jqk9I6VQ=
golang.org/x/crypto v0.0.0-20190308221718-c2843e01d9a2/go.mod h1:djNgcEr1/C05ACkg1iLfiJU5Ep61QUkGW8qpdssI0+w=
golang.org/x/crypto v0.0.0-20191011191535-87dc89f01550/go.mod h1:yigFU9vqHzYiE8UmvKecakEJjdnWj3jj499lnFckfCI=
golang.org/x/exp/typeparams v0.0.0-20220428152302-39d4317da171/go.mod h1:AbB0pIl9nAr9wVwH+Z2ZpaocVmF5I4GyWCDIsVjR0bk=
golang.org/x/exp/typeparams v0.0.0-20230203172020-98cc5a0785f9/go.mod h1:AbB0pIl9nAr9wVwH+Z2ZpaocVmF5I4GyWCDIsVjR0bk=
golang.org/x/exp/typeparams v0.0.0-20230905200255-921286631fa9 h1:j3D9DvWRpUfIyFfDPws7LoIZ2MAI1OJHdQXtTnYtN+k=
golang.org/x/exp/typeparams v0.0.0-20230905200255-921286631fa9/go.mod h1:AbB0pIl9nAr9wVwH+Z2ZpaocVmF5I4GyWCDIsVjR0bk=
golang.org/x/lint v0.0.0-20210508222113-6edffad5e616 h1:VLliZ0d+/avPrXXH+OakdXhpJuEoBZuwh1m2j7U6Iug=
golang.org/x/lint v0.0.0-20210508222113-6edffad5e616/go.mod h1:3xt1FjdF8hUf6vQPIChWIBhFzV8gjjsPE/fR3IyQdNY=
golang.org/x/mod v0.1.1-0.20191105210325-c90efee705ee/go.mod h1:QqPTAvyqsEbceGzBzNggFXnrqF1CaUcvgkdR5Ot7KZg=
golang.org/x/mod v0.12.0 h1:rmsUpXtvNzj340zd98LZ4KntptpfRHwpFOHG188oHXc=
golang.org/x/mod v0.12.0/go.mod h1:iBbtSCu2XBx23ZKBPSOrRkjjQPZFPuis4dIYUhu/chs=
golang.org/x/net v0.0.0-20190404232315-eb5bcb51f2a3/go.mod h1:t9HGtf8HONx5eT2rtn7q6eTqICYqUVnKs3thJo3Qplg=
golang.org/x/net v0.0.0-20190620200207-3b0461eec859/go.mod h1:z5CRVTTTmAJ677TzLLGU+0bjPO0LkuOLi4/5GtJWs/s=
golang.org/x/sync v0.0.0-20190423024810-112230192c58/go.mod h1:RxMgew5VJxzue5/jJTE5uejpjVlOe/izrB70Jof72aM=
golang.org/x/sys v0.0.0-20190215142949-d0b11bdaac8a/go.mod h1:STP8DvDyc/dI5b8T5hshtkjS+E42TnysNCUPdjciGhY=
golang.org/x/sys v0.0.0-20190412213103-97732733099d/go.mod h1:h1NjWce9XRLGQEsW7wpKNCjG9DtNlClVuFLEZdDNbEs=
golang.org/x/sys v0.12.0 h1:CM0HF96J0hcLAwsHPJZjfdNzs0gftsLfgKt57wWHJ0o=
golang.org/x/sys v0.12.0/go.mod h1:oPkhp1MJrh7nUepCBck5+mAzfO9JrbApNNgaTdGDITg=
golang.org/x/text v0.3.0/go.mod h1:NqM8EUOU14njkJ3fqMW+pc6Ldnwhi/IjpwHt7yyuwOQ=
golang.org/x/tools v0.0.0-20200130002326-2f3ba24bd6e7/go.mod h1:TB2adYChydJhpapKDTa4BR/hXlZSLoq2Wpct/0txZ28=
golang.org/x/tools v0.13.0 h1:Iey4qkscZuv0VvIt8E0neZjtPVQFSc870HQ448QgEmQ=
golang.org/x/tools v0.13.0/go.mod h1:HvlwmtVNQAhOuCjW7xxvovg8wbNq7LwfXh/k7wXUl58=
golang.org/x/xerrors v0.0.0-20191011141410-1b5146add898/go.mod h1:I/5z698sn9Ka8TeJc9MKroUUfqBBauWjQqLJ2OPfmY0=
